# This file is automatically @generated by Cargo.
# It is not intended for manual editing.
version = 4

[[package]]
name = "ppl-core"
version = "0.1.0"

[[package]]
name = "ppl-framework-host"
version = "0.1.0"
dependencies = [
 "ppl-iam-01",
]

[[package]]
name = "ppl-iam-01"
version = "0.1.0"
dependencies = [
 "ppl-core",
]
